{
  "version": 4,
  "terraform_version": "1.6.6",
  "serial": 42,
  "lineage": "17b1dd37-b7c1-1792-d9a6-87505d257ce7",
  "outputs": {
    "pet-name": {
      "value": {
        "id": "Mr.superb.stallion",
        "keepers": null,
        "length": 2,
        "prefix": "Mr",
        "separator": "."
      },
      "type": [
        "object",
        {
          "id": "string",
          "keepers": [
            "map",
            "string"
          ],
          "length": "number",
          "prefix": "string",
          "separator": "string"
        }
      ]
    },
    "pets": {
      "value": "9480545b0fe2ad7b4ab8b566d3420bc2428fdeb6",
      "type": "string"
    },
    "random": {
      "value": "Mr.superb.stallion",
      "type": "string"
    }
  },
  "resources": [
    {
      "mode": "managed",
      "type": "local_file",
      "name": "pets",
      "provider": "provider[\"registry.terraform.io/hashicorp/local\"]",
      "instances": [
        {
          "schema_version": 0,
          "attributes": {
            "content": "my pets name is Mr.superb.stallion",
            "content_base64": null,
            "content_base64sha256": "HAELnXn0wV8xfCAfJcZYePv6lSwj/pNf4Qrw9m3OeCo=",
            "content_base64sha512": "tOAdnCK4oOehffJCxaLoZwHQzkosJ5Glnqe+t67JBp5StWKxgbFHzUaWGuGSv4NeSy5DDMlgRgLTjz8p9bSqtQ==",
            "content_md5": "d9f415d0649e659cbc09030315b8438f",
            "content_sha1": "9480545b0fe2ad7b4ab8b566d3420bc2428fdeb6",
            "content_sha256": "1c010b9d79f4c15f317c201f25c65878fbfa952c23fe935fe10af0f66dce782a",
            "content_sha512": "b4e01d9c22b8a0e7a17df242c5a2e86701d0ce4a2c2791a59ea7beb7aec9069e52b562b181b147cd46961ae192bf835e4b2e430cc9604602d38f3f29f5b4aab5",
            "directory_permission": "0777",
            "file_permission": "0777",
            "filename": "local-file",
            "id": "9480545b0fe2ad7b4ab8b566d3420bc2428fdeb6",
            "sensitive_content": null,
            "source": null
          },
          "sensitive_attributes": [],
          "dependencies": [
            "random_pet.random"
          ]
        }
      ]
    },
    {
      "mode": "managed",
      "type": "random_pet",
      "name": "random",
      "provider": "provider[\"registry.terraform.io/hashicorp/random\"]",
      "instances": [
        {
          "schema_version": 0,
          "attributes": {
            "id": "Mr.superb.stallion",
            "keepers": null,
            "length": 2,
            "prefix": "Mr",
            "separator": "."
          },
          "sensitive_attributes": []
        }
      ]
    }
  ],
  "check_results": null
}
