{
  "version": 4,
  "terraform_version": "1.6.6",
  "serial": 27,
  "lineage": "17b1dd37-b7c1-1792-d9a6-87505d257ce7",
  "outputs": {},
  "resources": [
    {
      "mode": "managed",
      "type": "local_file",
      "name": "pets",
      "provider": "provider[\"registry.terraform.io/hashicorp/local\"]",
      "instances": [
        {
          "schema_version": 0,
          "attributes": {
            "content": "my pets name is ",
            "content_base64": null,
            "content_base64sha256": "1VNFf0vAPHNra92HdFJ6NaNVI0FC7eD2U1RIjXPufB4=",
            "content_base64sha512": "JOyczeS9ujkRw7V+X06ZNVmuvaMHBNukeAhjMPSh0bSFzvDVv/tQ8wdUsRvDIC+3JQgohCzW3kr/oAdhP4EBAQ==",
            "content_md5": "4dd149602439e974ce9dbc780aac6d0e",
            "content_sha1": "edb8dd582a233263ca0d9425af651cb128035ca7",
            "content_sha256": "d553457f4bc03c736b6bdd8774527a35a355234142ede0f65354488d73ee7c1e",
            "content_sha512": "24ec9ccde4bdba3911c3b57e5f4e993559aebda30704dba478086330f4a1d1b485cef0d5bffb50f30754b11bc3202fb7250828842cd6de4affa007613f810101",
            "directory_permission": "0777",
            "file_permission": "0777",
            "filename": "local-file",
            "id": "edb8dd582a233263ca0d9425af651cb128035ca7",
            "sensitive_content": null,
            "source": null
          },
          "sensitive_attributes": []
        }
      ]
    },
    {
      "mode": "managed",
      "type": "random_pet",
      "name": "random",
      "provider": "provider[\"registry.terraform.io/hashicorp/random\"]",
      "instances": [
        {
          "schema_version": 0,
          "attributes": {
            "id": "Mr.intense.stinkbug",
            "keepers": null,
            "length": 2,
            "prefix": "Mr",
            "separator": "."
          },
          "sensitive_attributes": []
        }
      ]
    }
  ],
  "check_results": null
}
