{
  "version": 4,
  "terraform_version": "1.6.6",
  "serial": 19,
  "lineage": "17b1dd37-b7c1-1792-d9a6-87505d257ce7",
  "outputs": {},
  "resources": [
    {
      "mode": "managed",
      "type": "aws_vpc",
      "name": "main",
      "provider": "provider[\"registry.terraform.io/hashicorp/aws\"]",
      "instances": [
        {
          "schema_version": 1,
          "attributes": {
            "arn": "arn:aws:ec2:ap-south-1:261007486006:vpc/vpc-02c5a25c73ba1504d",
            "assign_generated_ipv6_cidr_block": false,
            "cidr_block": "10.0.0.0/16",
            "default_network_acl_id": "acl-091398f392d33898e",
            "default_route_table_id": "rtb-013e665ca63735ce4",
            "default_security_group_id": "sg-085a47c1227618563",
            "dhcp_options_id": "dopt-0eadc0672dee7aac1",
            "enable_dns_hostnames": false,
            "enable_dns_support": true,
            "enable_network_address_usage_metrics": false,
            "id": "vpc-02c5a25c73ba1504d",
            "instance_tenancy": "default",
            "ipv4_ipam_pool_id": null,
            "ipv4_netmask_length": null,
            "ipv6_association_id": "",
            "ipv6_cidr_block": "",
            "ipv6_cidr_block_network_border_group": "",
            "ipv6_ipam_pool_id": "",
            "ipv6_netmask_length": 0,
            "main_route_table_id": "rtb-013e665ca63735ce4",
            "owner_id": "261007486006",
            "tags": {
              "Name": "demo"
            },
            "tags_all": {
              "Name": "demo"
            }
          },
          "sensitive_attributes": [],
          "private": "eyJzY2hlbWFfdmVyc2lvbiI6IjEifQ=="
        }
      ]
    }
  ],
  "check_results": null
}
