{
  "version": 4,
  "terraform_version": "1.6.6",
  "serial": 94,
  "lineage": "17b1dd37-b7c1-1792-d9a6-87505d257ce7",
  "outputs": {
    "pet-name": {
      "value": {
        "id": "Mr.superb.stallion",
        "keepers": null,
        "length": 2,
        "prefix": "Mr",
        "separator": "."
      },
      "type": [
        "object",
        {
          "id": "string",
          "keepers": [
            "map",
            "string"
          ],
          "length": "number",
          "prefix": "string",
          "separator": "string"
        }
      ]
    },
    "pets": {
      "value": "13a5193c83218db93ad763cbcf372fbd8b2e7468",
      "type": "string"
    },
    "random": {
      "value": "Mr.awaited.cod",
      "type": "string"
    }
  },
  "resources": [
    {
      "mode": "data",
      "type": "local_file",
      "name": "test",
      "provider": "provider[\"registry.terraform.io/hashicorp/local\"]",
      "instances": [
        {
          "schema_version": 0,
          "attributes": {
            "content": "This is test text file.\n",
            "content_base64": "VGhpcyBpcyB0ZXN0IHRleHQgZmlsZS4K",
            "content_base64sha256": "WDvIbd+hORUMEZsGeA3ubSc4M2bJgThADHKxgHva8Cs=",
            "content_base64sha512": "yYC652V/cNTDqdSsVGDHJoea+els8JTBXgK6FWezF8IJWsjwCYlNkXi47KtwOO9NezXRJxkWUm8qtKiV/DA1rQ==",
            "content_md5": "8cfcb339b796b46389e81eaed77d0b29",
            "content_sha1": "197e4b5d45e9e86e66eb9d65ca0b767261665613",
            "content_sha256": "583bc86ddfa139150c119b06780dee6d27383366c98138400c72b1807bdaf02b",
            "content_sha512": "c980bae7657f70d4c3a9d4ac5460c726879af9e96cf094c15e02ba1567b317c2095ac8f009894d9178b8ecab7038ef4d7b35d1271916526f2ab4a895fc3035ad",
            "filename": "test.txt",
            "id": "197e4b5d45e9e86e66eb9d65ca0b767261665613"
          },
          "sensitive_attributes": []
        }
      ]
    },
    {
      "mode": "managed",
      "type": "local_file",
      "name": "autoarrg",
      "provider": "provider[\"registry.terraform.io/hashicorp/local\"]",
      "instances": [
        {
          "index_key": 0,
          "schema_version": 0,
          "attributes": {
            "content": "This is the content for file 1",
            "content_base64": null,
            "content_base64sha256": "Oz3ouprkdIvF6Yx4filnoBnkyBL9mu8quWQlYEHeu4Y=",
            "content_base64sha512": "0R8LcIqhoie3iNmYG5a46b0jmXLmRMH1NJxsxxBDhIDipkJWmhzGB/muD8hZcN+12zWtiu0tyTXt2vaHqcdNiw==",
            "content_md5": "06964de0f7bb1098d1eec6f5eebebab2",
            "content_sha1": "878298b7b3d7e15059eae5e1bdd051f7a467afe9",
            "content_sha256": "3b3de8ba9ae4748bc5e98c787e2967a019e4c812fd9aef2ab964256041debb86",
            "content_sha512": "d11f0b708aa1a227b788d9981b96b8e9bd239972e644c1f5349c6cc710438480e2a642569a1cc607f9ae0fc85970dfb5db35ad8aed2dc935eddaf687a9c74d8b",
            "directory_permission": "0777",
            "file_permission": "0777",
            "filename": "pet1",
            "id": "878298b7b3d7e15059eae5e1bdd051f7a467afe9",
            "sensitive_content": null,
            "source": null
          },
          "sensitive_attributes": []
        },
        {
          "index_key": 1,
          "schema_version": 0,
          "attributes": {
            "content": "This is the content for file 2",
            "content_base64": null,
            "content_base64sha256": "FBbQqoRSGKYIU8dU0bbIdNXYyQ06tumGLQA2SUNRemA=",
            "content_base64sha512": "NO9kcgcohqxcKsLnYirYuZqWP0Di83LQ8GvnXms55RNLNQlrPNKReRkxvTyHQwBT8up3yiBwoKsrixqJBlCGVw==",
            "content_md5": "f6e5882ee2aee794eeb229f16dc76826",
            "content_sha1": "c5053e889e2cbc8feca43900ec1cbed045ad56c7",
            "content_sha256": "1416d0aa845218a60853c754d1b6c874d5d8c90d3ab6e9862d00364943517a60",
            "content_sha512": "34ef6472072886ac5c2ac2e7622ad8b99a963f40e2f372d0f06be75e6b39e5134b35096b3cd291791931bd3c87430053f2ea77ca2070a0ab2b8b1a8906508657",
            "directory_permission": "0777",
            "file_permission": "0777",
            "filename": "pet2",
            "id": "c5053e889e2cbc8feca43900ec1cbed045ad56c7",
            "sensitive_content": null,
            "source": null
          },
          "sensitive_attributes": []
        },
        {
          "index_key": 2,
          "schema_version": 0,
          "attributes": {
            "content": "This is the content for file 3",
            "content_base64": null,
            "content_base64sha256": "wPTdtM0WUn/gWzUEFeAOpg2D9Nv0iNSB6LAUQRkeKmU=",
            "content_base64sha512": "8UEF7OA6OUR2HTg9idiJwnwWvbvMaSsPg+gZgnNQ3XBlPrncv7QaQBR3mkeikDLq8bbr3zPAYckFmG0GJeAztg==",
            "content_md5": "3f2989aa7d4912169dabf24d1fbdb60c",
            "content_sha1": "4c143b6da69974962aae68389e9c057f2033d2e7",
            "content_sha256": "c0f4ddb4cd16527fe05b350415e00ea60d83f4dbf488d481e8b01441191e2a65",
            "content_sha512": "f14105ece03a3944761d383d89d889c27c16bdbbcc692b0f83e819827350dd70653eb9dcbfb41a4014779a47a29032eaf1b6ebdf33c061c905986d0625e033b6",
            "directory_permission": "0777",
            "file_permission": "0777",
            "filename": "pet3",
            "id": "4c143b6da69974962aae68389e9c057f2033d2e7",
            "sensitive_content": null,
            "source": null
          },
          "sensitive_attributes": []
        }
      ]
    },
    {
      "mode": "managed",
      "type": "local_file",
      "name": "pet2",
      "provider": "provider[\"registry.terraform.io/hashicorp/local\"]",
      "instances": [
        {
          "schema_version": 0,
          "attributes": {
            "content": "This is test text file.\n",
            "content_base64": null,
            "content_base64sha256": "WDvIbd+hORUMEZsGeA3ubSc4M2bJgThADHKxgHva8Cs=",
            "content_base64sha512": "yYC652V/cNTDqdSsVGDHJoea+els8JTBXgK6FWezF8IJWsjwCYlNkXi47KtwOO9NezXRJxkWUm8qtKiV/DA1rQ==",
            "content_md5": "8cfcb339b796b46389e81eaed77d0b29",
            "content_sha1": "197e4b5d45e9e86e66eb9d65ca0b767261665613",
            "content_sha256": "583bc86ddfa139150c119b06780dee6d27383366c98138400c72b1807bdaf02b",
            "content_sha512": "c980bae7657f70d4c3a9d4ac5460c726879af9e96cf094c15e02ba1567b317c2095ac8f009894d9178b8ecab7038ef4d7b35d1271916526f2ab4a895fc3035ad",
            "directory_permission": "0777",
            "file_permission": "0777",
            "filename": "pet2.txt",
            "id": "197e4b5d45e9e86e66eb9d65ca0b767261665613",
            "sensitive_content": null,
            "source": null
          },
          "sensitive_attributes": [],
          "dependencies": [
            "data.local_file.test"
          ]
        }
      ]
    },
    {
      "mode": "managed",
      "type": "local_file",
      "name": "pets",
      "provider": "provider[\"registry.terraform.io/hashicorp/local\"]",
      "instances": [
        {
          "schema_version": 0,
          "attributes": {
            "content": "Mr.awaited.cod that my pet name",
            "content_base64": null,
            "content_base64sha256": "DX0/G8VqAniSPWnjh3PnWAF7XMydRolS/oCuSwFPbAE=",
            "content_base64sha512": "F8Rr+g2vH17lO44yftbdeVnQim71ynEPWQ6yY9LkOcaheVDnBj0iArspBxyZx1FPpbIOPo7W0eqZ9h/Dk9B2lA==",
            "content_md5": "e46ce43f8069cec6d6a9acb637ff7b60",
            "content_sha1": "13a5193c83218db93ad763cbcf372fbd8b2e7468",
            "content_sha256": "0d7d3f1bc56a0278923d69e38773e758017b5ccc9d468952fe80ae4b014f6c01",
            "content_sha512": "17c46bfa0daf1f5ee53b8e327ed6dd7959d08a6ef5ca710f590eb263d2e439c6a17950e7063d2202bb29071c99c7514fa5b20e3e8ed6d1ea99f61fc393d07694",
            "directory_permission": "0777",
            "file_permission": "742",
            "filename": "local-file",
            "id": "13a5193c83218db93ad763cbcf372fbd8b2e7468",
            "sensitive_content": null,
            "source": null
          },
          "sensitive_attributes": [],
          "dependencies": [
            "random_pet.random"
          ],
          "create_before_destroy": true
        }
      ]
    },
    {
      "mode": "managed",
      "type": "random_pet",
      "name": "random",
      "provider": "provider[\"registry.terraform.io/hashicorp/random\"]",
      "instances": [
        {
          "schema_version": 0,
          "attributes": {
            "id": "Mr.awaited.cod",
            "keepers": null,
            "length": 2,
            "prefix": "Mr",
            "separator": "."
          },
          "sensitive_attributes": [],
          "create_before_destroy": true
        }
      ]
    }
  ],
  "check_results": null
}
