{
  "version": 4,
  "terraform_version": "1.6.6",
  "serial": 68,
  "lineage": "17b1dd37-b7c1-1792-d9a6-87505d257ce7",
  "outputs": {
    "pet-name": {
      "value": {
        "id": "Mr.superb.stallion",
        "keepers": null,
        "length": 2,
        "prefix": "Mr",
        "separator": "."
      },
      "type": [
        "object",
        {
          "id": "string",
          "keepers": [
            "map",
            "string"
          ],
          "length": "number",
          "prefix": "string",
          "separator": "string"
        }
      ]
    },
    "pets": {
      "value": "13a5193c83218db93ad763cbcf372fbd8b2e7468",
      "type": "string"
    },
    "random": {
      "value": "Mr.awaited.cod",
      "type": "string"
    }
  },
  "resources": [
    {
      "mode": "managed",
      "type": "local_file",
      "name": "pets",
      "provider": "provider[\"registry.terraform.io/hashicorp/local\"]",
      "instances": [
        {
          "schema_version": 0,
          "attributes": {
            "content": "Mr.awaited.cod that my pet name",
            "content_base64": null,
            "content_base64sha256": "DX0/G8VqAniSPWnjh3PnWAF7XMydRolS/oCuSwFPbAE=",
            "content_base64sha512": "F8Rr+g2vH17lO44yftbdeVnQim71ynEPWQ6yY9LkOcaheVDnBj0iArspBxyZx1FPpbIOPo7W0eqZ9h/Dk9B2lA==",
            "content_md5": "e46ce43f8069cec6d6a9acb637ff7b60",
            "content_sha1": "13a5193c83218db93ad763cbcf372fbd8b2e7468",
            "content_sha256": "0d7d3f1bc56a0278923d69e38773e758017b5ccc9d468952fe80ae4b014f6c01",
            "content_sha512": "17c46bfa0daf1f5ee53b8e327ed6dd7959d08a6ef5ca710f590eb263d2e439c6a17950e7063d2202bb29071c99c7514fa5b20e3e8ed6d1ea99f61fc393d07694",
            "directory_permission": "0777",
            "file_permission": "777",
            "filename": "local-file",
            "id": "13a5193c83218db93ad763cbcf372fbd8b2e7468",
            "sensitive_content": null,
            "source": null
          },
          "sensitive_attributes": [],
          "dependencies": [
            "random_pet.random"
          ]
        }
      ]
    },
    {
      "mode": "managed",
      "type": "random_pet",
      "name": "random",
      "provider": "provider[\"registry.terraform.io/hashicorp/random\"]",
      "instances": [
        {
          "schema_version": 0,
          "attributes": {
            "id": "Mr.awaited.cod",
            "keepers": null,
            "length": 2,
            "prefix": "Mr",
            "separator": "."
          },
          "sensitive_attributes": []
        }
      ]
    }
  ],
  "check_results": null
}
